
Microsoft Visual Studio Solution File, Format Version 12.00
# Visual Studio Version 16
VisualStudioVersion = 16.0.30717.126
MinimumVisualStudioVersion = 10.0.40219.1
Project("{FAE04EC0-301F-11D3-BF4B-00C04F79EFBC}") = "Angular_CMS", "Angular_CMS\Angular_CMS.csproj", "{69794773-007A-4594-8AD9-6360BD6298EA}"
EndProject
Global
	GlobalSection(SolutionConfigurationPlatforms) = preSolution
		Debug|Any CPU = Debug|Any CPU
		Release|Any CPU = Release|Any CPU
	EndGlobalSection
	GlobalSection(ProjectConfigurationPlatforms) = postSolution
		{69794773-007A-4594-8AD9-6360BD6298EA}.Debug|Any CPU.ActiveCfg = Debug|Any CPU
		{69794773-007A-4594-8AD9-6360BD6298EA}.Debug|Any CPU.Build.0 = Debug|Any CPU
		{69794773-007A-4594-8AD9-6360BD6298EA}.Release|Any CPU.ActiveCfg = Release|Any CPU
		{69794773-007A-4594-8AD9-6360BD6298EA}.Release|Any CPU.Build.0 = Release|Any CPU
	EndGlobalSection
	GlobalSection(SolutionProperties) = preSolution
		HideSolutionNode = FALSE
	EndGlobalSection
	GlobalSection(ExtensibilityGlobals) = postSolution
		SolutionGuid = {C18CEADB-DA46-40F8-9ED5-F58D44E8639D}
	EndGlobalSection
EndGlobal
